// !$*UTF8*$!
{
	archiveVersion = 1;
	classes = {
	};
	objectVersion = 56;
	objects = {

/* Begin PBXBuildFile section */
		A92892F32C469C4400F99230 /* Responce.swift in Sources */ = {isa = PBXBuildFile; fileRef = A92892F22C469C4400F99230 /* Responce.swift */; };
		A946D3622C50DB7500DF4488 /* MainScreenPresenter.swift in Sources */ = {isa = PBXBuildFile; fileRef = A946D3612C50DB7500DF4488 /* MainScreenPresenter.swift */; };
		A946D3642C50DD2700DF4488 /* Settings.swift in Sources */ = {isa = PBXBuildFile; fileRef = A946D3632C50DD2700DF4488 /* Settings.swift */; };
		A9607B742C3BD88300180420 /* AppDelegate.swift in Sources */ = {isa = PBXBuildFile; fileRef = A9607B732C3BD88300180420 /* AppDelegate.swift */; };
		A9607B762C3BD88300180420 /* SceneDelegate.swift in Sources */ = {isa = PBXBuildFile; fileRef = A9607B752C3BD88300180420 /* SceneDelegate.swift */; };
		A9607B782C3BD88300180420 /* MainScreenViewController.swift in Sources */ = {isa = PBXBuildFile; fileRef = A9607B772C3BD88300180420 /* MainScreenViewController.swift */; };
		A9607B7B2C3BD88300180420 /* Main.storyboard in Resources */ = {isa = PBXBuildFile; fileRef = A9607B792C3BD88300180420 /* Main.storyboard */; };
		A9607B7D2C3BD88500180420 /* Assets.xcassets in Resources */ = {isa = PBXBuildFile; fileRef = A9607B7C2C3BD88500180420 /* Assets.xcassets */; };
		A9607B802C3BD88500180420 /* LaunchScreen.storyboard in Resources */ = {isa = PBXBuildFile; fileRef = A9607B7E2C3BD88500180420 /* LaunchScreen.storyboard */; };
		A9607B882C3BD8B500180420 /* WeatherService.swift in Sources */ = {isa = PBXBuildFile; fileRef = A9607B872C3BD8B500180420 /* WeatherService.swift */; };
		A98C90062C413B9E00DEE79A /* Cell.swift in Sources */ = {isa = PBXBuildFile; fileRef = A98C90052C413B9E00DEE79A /* Cell.swift */; };
/* End PBXBuildFile section */

/* Begin PBXFileReference section */
		A92892F22C469C4400F99230 /* Responce.swift */ = {isa = PBXFileReference; lastKnownFileType = sourcecode.swift; path = Responce.swift; sourceTree = "<group>"; };
		A946D3612C50DB7500DF4488 /* MainScreenPresenter.swift */ = {isa = PBXFileReference; fileEncoding = 4; lastKnownFileType = sourcecode.swift; path = MainScreenPresenter.swift; sourceTree = "<group>"; };
		A946D3632C50DD2700DF4488 /* Settings.swift */ = {isa = PBXFileReference; lastKnownFileType = sourcecode.swift; path = Settings.swift; sourceTree = "<group>"; };
		A9607B702C3BD88300180420 /* weatherApp.app */ = {isa = PBXFileReference; explicitFileType = wrapper.application; includeInIndex = 0; path = weatherApp.app; sourceTree = BUILT_PRODUCTS_DIR; };
		A9607B732C3BD88300180420 /* AppDelegate.swift */ = {isa = PBXFileReference; lastKnownFileType = sourcecode.swift; path = AppDelegate.swift; sourceTree = "<group>"; };
		A9607B752C3BD88300180420 /* SceneDelegate.swift */ = {isa = PBXFileReference; lastKnownFileType = sourcecode.swift; path = SceneDelegate.swift; sourceTree = "<group>"; };
		A9607B772C3BD88300180420 /* MainScreenViewController.swift */ = {isa = PBXFileReference; lastKnownFileType = sourcecode.swift; path = MainScreenViewController.swift; sourceTree = "<group>"; };
		A9607B7A2C3BD88300180420 /* Base */ = {isa = PBXFileReference; lastKnownFileType = file.storyboard; name = Base; path = Base.lproj/Main.storyboard; sourceTree = "<group>"; };
		A9607B7C2C3BD88500180420 /* Assets.xcassets */ = {isa = PBXFileReference; lastKnownFileType = folder.assetcatalog; path = Assets.xcassets; sourceTree = "<group>"; };
		A9607B7F2C3BD88500180420 /* Base */ = {isa = PBXFileReference; lastKnownFileType = file.storyboard; name = Base; path = Base.lproj/LaunchScreen.storyboard; sourceTree = "<group>"; };
		A9607B812C3BD88500180420 /* Info.plist */ = {isa = PBXFileReference; lastKnownFileType = text.plist.xml; path = Info.plist; sourceTree = "<group>"; };
		A9607B872C3BD8B500180420 /* WeatherService.swift */ = {isa = PBXFileReference; lastKnownFileType = sourcecode.swift; path = WeatherService.swift; sourceTree = "<group>"; };
		A98C90052C413B9E00DEE79A /* Cell.swift */ = {isa = PBXFileReference; lastKnownFileType = sourcecode.swift; path = Cell.swift; sourceTree = "<group>"; };
/* End PBXFileReference section */

/* Begin PBXFrameworksBuildPhase section */
		A9607B6D2C3BD88300180420 /* Frameworks */ = {
			isa = PBXFrameworksBuildPhase;
			buildActionMask = 2147483647;
			files = (
			);
			runOnlyForDeploymentPostprocessing = 0;
		};
/* End PBXFrameworksBuildPhase section */

/* Begin PBXGroup section */
		A92892EB2C46994900F99230 /* App */ = {
			isa = PBXGroup;
			children = (
				A9607B732C3BD88300180420 /* AppDelegate.swift */,
				A9607B752C3BD88300180420 /* SceneDelegate.swift */,
			);
			path = App;
			sourceTree = "<group>";
		};
		A92892EC2C46998500F99230 /* Modules */ = {
			isa = PBXGroup;
			children = (
				A92892ED2C46999A00F99230 /* MainScreen */,
			);
			path = Modules;
			sourceTree = "<group>";
		};
		A92892ED2C46999A00F99230 /* MainScreen */ = {
			isa = PBXGroup;
			children = (
				A92892F02C4699C700F99230 /* Presenter */,
				A92892EF2C4699BE00F99230 /* Model */,
				A92892EE2C4699B200F99230 /* View */,
			);
			path = MainScreen;
			sourceTree = "<group>";
		};
		A92892EE2C4699B200F99230 /* View */ = {
			isa = PBXGroup;
			children = (
				A9607B772C3BD88300180420 /* MainScreenViewController.swift */,
				A98C90052C413B9E00DEE79A /* Cell.swift */,
			);
			path = View;
			sourceTree = "<group>";
		};
		A92892EF2C4699BE00F99230 /* Model */ = {
			isa = PBXGroup;
			children = (
				A92892F22C469C4400F99230 /* Responce.swift */,
				A92892F12C469BF600F99230 /* Service */,
				A9607B872C3BD8B500180420 /* WeatherService.swift */,
			);
			path = Model;
			sourceTree = "<group>";
		};
		A92892F02C4699C700F99230 /* Presenter */ = {
			isa = PBXGroup;
			children = (
				A946D3612C50DB7500DF4488 /* MainScreenPresenter.swift */,
			);
			path = Presenter;
			sourceTree = "<group>";
		};
		A92892F12C469BF600F99230 /* Service */ = {
			isa = PBXGroup;
			children = (
			);
			path = Service;
			sourceTree = "<group>";
		};
		A92892F42C469D2800F99230 /* Resources */ = {
			isa = PBXGroup;
			children = (
				A9607B792C3BD88300180420 /* Main.storyboard */,
				A9607B7C2C3BD88500180420 /* Assets.xcassets */,
				A9607B7E2C3BD88500180420 /* LaunchScreen.storyboard */,
				A9607B812C3BD88500180420 /* Info.plist */,
			);
			path = Resources;
			sourceTree = "<group>";
		};
		A9607B672C3BD88300180420 = {
			isa = PBXGroup;
			children = (
				A9607B722C3BD88300180420 /* weatherApp */,
				A9607B712C3BD88300180420 /* Products */,
			);
			sourceTree = "<group>";
		};
		A9607B712C3BD88300180420 /* Products */ = {
			isa = PBXGroup;
			children = (
				A9607B702C3BD88300180420 /* weatherApp.app */,
			);
			name = Products;
			sourceTree = "<group>";
		};
		A9607B722C3BD88300180420 /* weatherApp */ = {
			isa = PBXGroup;
			children = (
				A92892F42C469D2800F99230 /* Resources */,
				A92892EC2C46998500F99230 /* Modules */,
				A92892EB2C46994900F99230 /* App */,
				A946D3632C50DD2700DF4488 /* Settings.swift */,
			);
			path = weatherApp;
			sourceTree = "<group>";
		};
/* End PBXGroup section */

/* Begin PBXNativeTarget section */
		A9607B6F2C3BD88300180420 /* weatherApp */ = {
			isa = PBXNativeTarget;
			buildConfigurationList = A9607B842C3BD88500180420 /* Build configuration list for PBXNativeTarget "weatherApp" */;
			buildPhases = (
				A9607B6C2C3BD88300180420 /* Sources */,
				A9607B6D2C3BD88300180420 /* Frameworks */,
				A9607B6E2C3BD88300180420 /* Resources */,
			);
			buildRules = (
			);
			dependencies = (
			);
			name = weatherApp;
			productName = weatherApp;
			productReference = A9607B702C3BD88300180420 /* weatherApp.app */;
			productType = "com.apple.product-type.application";
		};
/* End PBXNativeTarget section */

/* Begin PBXProject section */
		A9607B682C3BD88300180420 /* Project object */ = {
			isa = PBXProject;
			attributes = {
				BuildIndependentTargetsInParallel = 1;
				LastSwiftUpdateCheck = 1520;
				LastUpgradeCheck = 1520;
				TargetAttributes = {
					A9607B6F2C3BD88300180420 = {
						CreatedOnToolsVersion = 15.2;
					};
				};
			};
			buildConfigurationList = A9607B6B2C3BD88300180420 /* Build configuration list for PBXProject "weatherApp" */;
			compatibilityVersion = "Xcode 14.0";
			developmentRegion = en;
			hasScannedForEncodings = 0;
			knownRegions = (
				en,
				Base,
			);
			mainGroup = A9607B672C3BD88300180420;
			productRefGroup = A9607B712C3BD88300180420 /* Products */;
			projectDirPath = "";
			projectRoot = "";
			targets = (
				A9607B6F2C3BD88300180420 /* weatherApp */,
			);
		};
/* End PBXProject section */

/* Begin PBXResourcesBuildPhase section */
		A9607B6E2C3BD88300180420 /* Resources */ = {
			isa = PBXResourcesBuildPhase;
			buildActionMask = 2147483647;
			files = (
				A9607B802C3BD88500180420 /* LaunchScreen.storyboard in Resources */,
				A9607B7D2C3BD88500180420 /* Assets.xcassets in Resources */,
				A9607B7B2C3BD88300180420 /* Main.storyboard in Resources */,
			);
			runOnlyForDeploymentPostprocessing = 0;
		};
/* End PBXResourcesBuildPhase section */

/* Begin PBXSourcesBuildPhase section */
		A9607B6C2C3BD88300180420 /* Sources */ = {
			isa = PBXSourcesBuildPhase;
			buildActionMask = 2147483647;
			files = (
				A9607B882C3BD8B500180420 /* WeatherService.swift in Sources */,
				A946D3622C50DB7500DF4488 /* MainScreenPresenter.swift in Sources */,
				A946D3642C50DD2700DF4488 /* Settings.swift in Sources */,
				A92892F32C469C4400F99230 /* Responce.swift in Sources */,
				A9607B782C3BD88300180420 /* MainScreenViewController.swift in Sources */,
				A98C90062C413B9E00DEE79A /* Cell.swift in Sources */,
				A9607B742C3BD88300180420 /* AppDelegate.swift in Sources */,
				A9607B762C3BD88300180420 /* SceneDelegate.swift in Sources */,
			);
			runOnlyForDeploymentPostprocessing = 0;
		};
/* End PBXSourcesBuildPhase section */

/* Begin PBXVariantGroup section */
		A9607B792C3BD88300180420 /* Main.storyboard */ = {
			isa = PBXVariantGroup;
			children = (
				A9607B7A2C3BD88300180420 /* Base */,
			);
			name = Main.storyboard;
			sourceTree = "<group>";
		};
		A9607B7E2C3BD88500180420 /* LaunchScreen.storyboard */ = {
			isa = PBXVariantGroup;
			children = (
				A9607B7F2C3BD88500180420 /* Base */,
			);
			name = LaunchScreen.storyboard;
			sourceTree = "<group>";
		};
/* End PBXVariantGroup section */

/* Begin XCBuildConfiguration section */
		A9607B822C3BD88500180420 /* Debug */ = {
			isa = XCBuildConfiguration;
			buildSettings = {
				ALWAYS_SEARCH_USER_PATHS = NO;
				ASSETCATALOG_COMPILER_GENERATE_SWIFT_ASSET_SYMBOL_EXTENSIONS = YES;
				CLANG_ANALYZER_NONNULL = YES;
				CLANG_ANALYZER_NUMBER_OBJECT_CONVERSION = YES_AGGRESSIVE;
				CLANG_CXX_LANGUAGE_STANDARD = "gnu++20";
				CLANG_ENABLE_MODULES = YES;
				CLANG_ENABLE_OBJC_ARC = YES;
				CLANG_ENABLE_OBJC_WEAK = YES;
				CLANG_WARN_BLOCK_CAPTURE_AUTORELEASING = YES;
				CLANG_WARN_BOOL_CONVERSION = YES;
				CLANG_WARN_COMMA = YES;
				CLANG_WARN_CONSTANT_CONVERSION = YES;
				CLANG_WARN_DEPRECATED_OBJC_IMPLEMENTATIONS = YES;
				CLANG_WARN_DIRECT_OBJC_ISA_USAGE = YES_ERROR;
				CLANG_WARN_DOCUMENTATION_COMMENTS = YES;
				CLANG_WARN_EMPTY_BODY = YES;
				CLANG_WARN_ENUM_CONVERSION = YES;
				CLANG_WARN_INFINITE_RECURSION = YES;
				CLANG_WARN_INT_CONVERSION = YES;
				CLANG_WARN_NON_LITERAL_NULL_CONVERSION = YES;
				CLANG_WARN_OBJC_IMPLICIT_RETAIN_SELF = YES;
				CLANG_WARN_OBJC_LITERAL_CONVERSION = YES;
				CLANG_WARN_OBJC_ROOT_CLASS = YES_ERROR;
				CLANG_WARN_QUOTED_INCLUDE_IN_FRAMEWORK_HEADER = YES;
				CLANG_WARN_RANGE_LOOP_ANALYSIS = YES;
				CLANG_WARN_STRICT_PROTOTYPES = YES;
				CLANG_WARN_SUSPICIOUS_MOVE = YES;
				CLANG_WARN_UNGUARDED_AVAILABILITY = YES_AGGRESSIVE;
				CLANG_WARN_UNREACHABLE_CODE = YES;
				CLANG_WARN__DUPLICATE_METHOD_MATCH = YES;
				COPY_PHASE_STRIP = NO;
				DEBUG_INFORMATION_FORMAT = dwarf;
				ENABLE_STRICT_OBJC_MSGSEND = YES;
				ENABLE_TESTABILITY = YES;
				ENABLE_USER_SCRIPT_SANDBOXING = YES;
				GCC_C_LANGUAGE_STANDARD = gnu17;
				GCC_DYNAMIC_NO_PIC = NO;
				GCC_NO_COMMON_BLOCKS = YES;
				GCC_OPTIMIZATION_LEVEL = 0;
				GCC_PREPROCESSOR_DEFINITIONS = (
					"DEBUG=1",
					"$(inherited)",
				);
				GCC_WARN_64_TO_32_BIT_CONVERSION = YES;
				GCC_WARN_ABOUT_RETURN_TYPE = YES_ERROR;
				GCC_WARN_UNDECLARED_SELECTOR = YES;
				GCC_WARN_UNINITIALIZED_AUTOS = YES_AGGRESSIVE;
				GCC_WARN_UNUSED_FUNCTION = YES;
				GCC_WARN_UNUSED_VARIABLE = YES;
				IPHONEOS_DEPLOYMENT_TARGET = 17.2;
				LOCALIZATION_PREFERS_STRING_CATALOGS = YES;
				MTL_ENABLE_DEBUG_INFO = INCLUDE_SOURCE;
				MTL_FAST_MATH = YES;
				ONLY_ACTIVE_ARCH = YES;
				SDKROOT = iphoneos;
				SWIFT_ACTIVE_COMPILATION_CONDITIONS = "DEBUG $(inherited)";
				SWIFT_OPTIMIZATION_LEVEL = "-Onone";
			};
			name = Debug;
		};
		A9607B832C3BD88500180420 /* Release */ = {
			isa = XCBuildConfiguration;
			buildSettings = {
				ALWAYS_SEARCH_USER_PATHS = NO;
				ASSETCATALOG_COMPILER_GENERATE_SWIFT_ASSET_SYMBOL_EXTENSIONS = YES;
				CLANG_ANALYZER_NONNULL = YES;
				CLANG_ANALYZER_NUMBER_OBJECT_CONVERSION = YES_AGGRESSIVE;
				CLANG_CXX_LANGUAGE_STANDARD = "gnu++20";
				CLANG_ENABLE_MODULES = YES;
				CLANG_ENABLE_OBJC_ARC = YES;
				CLANG_ENABLE_OBJC_WEAK = YES;
				CLANG_WARN_BLOCK_CAPTURE_AUTORELEASING = YES;
				CLANG_WARN_BOOL_CONVERSION = YES;
				CLANG_WARN_COMMA = YES;
				CLANG_WARN_CONSTANT_CONVERSION = YES;
				CLANG_WARN_DEPRECATED_OBJC_IMPLEMENTATIONS = YES;
				CLANG_WARN_DIRECT_OBJC_ISA_USAGE = YES_ERROR;
				CLANG_WARN_DOCUMENTATION_COMMENTS = YES;
				CLANG_WARN_EMPTY_BODY = YES;
				CLANG_WARN_ENUM_CONVERSION = YES;
				CLANG_WARN_INFINITE_RECURSION = YES;
				CLANG_WARN_INT_CONVERSION = YES;
				CLANG_WARN_NON_LITERAL_NULL_CONVERSION = YES;
				CLANG_WARN_OBJC_IMPLICIT_RETAIN_SELF = YES;
				CLANG_WARN_OBJC_LITERAL_CONVERSION = YES;
				CLANG_WARN_OBJC_ROOT_CLASS = YES_ERROR;
				CLANG_WARN_QUOTED_INCLUDE_IN_FRAMEWORK_HEADER = YES;
				CLANG_WARN_RANGE_LOOP_ANALYSIS = YES;
				CLANG_WARN_STRICT_PROTOTYPES = YES;
				CLANG_WARN_SUSPICIOUS_MOVE = YES;
				CLANG_WARN_UNGUARDED_AVAILABILITY = YES_AGGRESSIVE;
				CLANG_WARN_UNREACHABLE_CODE = YES;
				CLANG_WARN__DUPLICATE_METHOD_MATCH = YES;
				COPY_PHASE_STRIP = NO;
				DEBUG_INFORMATION_FORMAT = "dwarf-with-dsym";
				ENABLE_NS_ASSERTIONS = NO;
				ENABLE_STRICT_OBJC_MSGSEND = YES;
				ENABLE_USER_SCRIPT_SANDBOXING = YES;
				GCC_C_LANGUAGE_STANDARD = gnu17;
				GCC_NO_COMMON_BLOCKS = YES;
				GCC_WARN_64_TO_32_BIT_CONVERSION = YES;
				GCC_WARN_ABOUT_RETURN_TYPE = YES_ERROR;
				GCC_WARN_UNDECLARED_SELECTOR = YES;
				GCC_WARN_UNINITIALIZED_AUTOS = YES_AGGRESSIVE;
				GCC_WARN_UNUSED_FUNCTION = YES;
				GCC_WARN_UNUSED_VARIABLE = YES;
				IPHONEOS_DEPLOYMENT_TARGET = 17.2;
				LOCALIZATION_PREFERS_STRING_CATALOGS = YES;
				MTL_ENABLE_DEBUG_INFO = NO;
				MTL_FAST_MATH = YES;
				SDKROOT = iphoneos;
				SWIFT_COMPILATION_MODE = wholemodule;
				VALIDATE_PRODUCT = YES;
			};
			name = Release;
		};
		A9607B852C3BD88500180420 /* Debug */ = {
			isa = XCBuildConfiguration;
			buildSettings = {
				ASSETCATALOG_COMPILER_APPICON_NAME = AppIcon;
				ASSETCATALOG_COMPILER_GLOBAL_ACCENT_COLOR_NAME = AccentColor;
				CODE_SIGN_STYLE = Automatic;
				CURRENT_PROJECT_VERSION = 1;
				DEVELOPMENT_TEAM = 982J857YG5;
				GENERATE_INFOPLIST_FILE = YES;
				INFOPLIST_FILE = weatherApp/Resources/Info.plist;
				INFOPLIST_KEY_UIApplicationSupportsIndirectInputEvents = YES;
				INFOPLIST_KEY_UILaunchStoryboardName = LaunchScreen;
				INFOPLIST_KEY_UIMainStoryboardFile = Main;
				INFOPLIST_KEY_UISupportedInterfaceOrientations_iPad = "UIInterfaceOrientationPortrait UIInterfaceOrientationPortraitUpsideDown UIInterfaceOrientationLandscapeLeft UIInterfaceOrientationLandscapeRight";
				INFOPLIST_KEY_UISupportedInterfaceOrientations_iPhone = "UIInterfaceOrientationPortrait UIInterfaceOrientationLandscapeLeft UIInterfaceOrientationLandscapeRight";
				LD_RUNPATH_SEARCH_PATHS = (
					"$(inherited)",
					"@executable_path/Frameworks",
				);
				MARKETING_VERSION = 1.0;
				PRODUCT_BUNDLE_IDENTIFIER = "com.alinatsymbal-1.weatherApp";
				PRODUCT_NAME = "$(TARGET_NAME)";
				SWIFT_EMIT_LOC_STRINGS = YES;
				SWIFT_VERSION = 5.0;
				TARGETED_DEVICE_FAMILY = "1,2";
			};
			name = Debug;
		};
		A9607B862C3BD88500180420 /* Release */ = {
			isa = XCBuildConfiguration;
			buildSettings = {
				ASSETCATALOG_COMPILER_APPICON_NAME = AppIcon;
				ASSETCATALOG_COMPILER_GLOBAL_ACCENT_COLOR_NAME = AccentColor;
				CODE_SIGN_STYLE = Automatic;
				CURRENT_PROJECT_VERSION = 1;
				DEVELOPMENT_TEAM = 982J857YG5;
				GENERATE_INFOPLIST_FILE = YES;
				INFOPLIST_FILE = weatherApp/Resources/Info.plist;
				INFOPLIST_KEY_UIApplicationSupportsIndirectInputEvents = YES;
				INFOPLIST_KEY_UILaunchStoryboardName = LaunchScreen;
				INFOPLIST_KEY_UIMainStoryboardFile = Main;
				INFOPLIST_KEY_UISupportedInterfaceOrientations_iPad = "UIInterfaceOrientationPortrait UIInterfaceOrientationPortraitUpsideDown UIInterfaceOrientationLandscapeLeft UIInterfaceOrientationLandscapeRight";
				INFOPLIST_KEY_UISupportedInterfaceOrientations_iPhone = "UIInterfaceOrientationPortrait UIInterfaceOrientationLandscapeLeft UIInterfaceOrientationLandscapeRight";
				LD_RUNPATH_SEARCH_PATHS = (
					"$(inherited)",
					"@executable_path/Frameworks",
				);
				MARKETING_VERSION = 1.0;
				PRODUCT_BUNDLE_IDENTIFIER = "com.alinatsymbal-1.weatherApp";
				PRODUCT_NAME = "$(TARGET_NAME)";
				SWIFT_EMIT_LOC_STRINGS = YES;
				SWIFT_VERSION = 5.0;
				TARGETED_DEVICE_FAMILY = "1,2";
			};
			name = Release;
		};
/* End XCBuildConfiguration section */

/* Begin XCConfigurationList section */
		A9607B6B2C3BD88300180420 /* Build configuration list for PBXProject "weatherApp" */ = {
			isa = XCConfigurationList;
			buildConfigurations = (
				A9607B822C3BD88500180420 /* Debug */,
				A9607B832C3BD88500180420 /* Release */,
			);
			defaultConfigurationIsVisible = 0;
			defaultConfigurationName = Release;
		};
		A9607B842C3BD88500180420 /* Build configuration list for PBXNativeTarget "weatherApp" */ = {
			isa = XCConfigurationList;
			buildConfigurations = (
				A9607B852C3BD88500180420 /* Debug */,
				A9607B862C3BD88500180420 /* Release */,
			);
			defaultConfigurationIsVisible = 0;
			defaultConfigurationName = Release;
		};
/* End XCConfigurationList section */
	};
	rootObject = A9607B682C3BD88300180420 /* Project object */;
}
